
Microsoft Visual Studio Solution File, Format Version 12.00
# Visual Studio Version 16
VisualStudioVersion = 16.0.30717.126
MinimumVisualStudioVersion = 10.0.40219.1
Project("{FAE04EC0-301F-11D3-BF4B-00C04F79EFBC}") = "AwaitableCircularBuffer", "PerformantBufferDll\AwaitableCircularBuffer.csproj", "{6B119445-0F04-4BED-ACF8-BE5FCE30212D}"
EndProject
Project("{FAE04EC0-301F-11D3-BF4B-00C04F79EFBC}") = "BufferPerformanceTestApp", "BufferTesterConsoleApp\BufferPerformanceTestApp.csproj", "{EFB918A9-93C4-44AF-A410-D2EAD5D97709}"
EndProject
Global
	GlobalSection(SolutionConfigurationPlatforms) = preSolution
		Debug|Any CPU = Debug|Any CPU
		Release|Any CPU = Release|Any CPU
	EndGlobalSection
	GlobalSection(ProjectConfigurationPlatforms) = postSolution
		{6B119445-0F04-4BED-ACF8-BE5FCE30212D}.Debug|Any CPU.ActiveCfg = Debug|Any CPU
		{6B119445-0F04-4BED-ACF8-BE5FCE30212D}.Debug|Any CPU.Build.0 = Debug|Any CPU
		{6B119445-0F04-4BED-ACF8-BE5FCE30212D}.Release|Any CPU.ActiveCfg = Release|Any CPU
		{6B119445-0F04-4BED-ACF8-BE5FCE30212D}.Release|Any CPU.Build.0 = Release|Any CPU
		{EFB918A9-93C4-44AF-A410-D2EAD5D97709}.Debug|Any CPU.ActiveCfg = Debug|Any CPU
		{EFB918A9-93C4-44AF-A410-D2EAD5D97709}.Debug|Any CPU.Build.0 = Debug|Any CPU
		{EFB918A9-93C4-44AF-A410-D2EAD5D97709}.Release|Any CPU.ActiveCfg = Release|Any CPU
		{EFB918A9-93C4-44AF-A410-D2EAD5D97709}.Release|Any CPU.Build.0 = Release|Any CPU
	EndGlobalSection
	GlobalSection(SolutionProperties) = preSolution
		HideSolutionNode = FALSE
	EndGlobalSection
	GlobalSection(ExtensibilityGlobals) = postSolution
		SolutionGuid = {DC5A3CBE-7194-4480-8ABD-492FB88C0518}
	EndGlobalSection
EndGlobal
